// !$*UTF8*$!
{
	archiveVersion = 1;
	classes = {
	};
	objectVersion = 50;
	objects = {

/* Begin PBXBuildFile section */
		A826FF30237FB6DE007A59D3 /* AppDelegate.swift in Sources */ = {isa = PBXBuildFile; fileRef = A826FF2F237FB6DE007A59D3 /* AppDelegate.swift */; };
		A826FF32237FB6DE007A59D3 /* SceneDelegate.swift in Sources */ = {isa = PBXBuildFile; fileRef = A826FF31237FB6DE007A59D3 /* SceneDelegate.swift */; };
		A826FF37237FB6DE007A59D3 /* Main.storyboard in Resources */ = {isa = PBXBuildFile; fileRef = A826FF35237FB6DE007A59D3 /* Main.storyboard */; };
		A826FF39237FB6DF007A59D3 /* Assets.xcassets in Resources */ = {isa = PBXBuildFile; fileRef = A826FF38237FB6DF007A59D3 /* Assets.xcassets */; };
		A826FF3C237FB6DF007A59D3 /* LaunchScreen.storyboard in Resources */ = {isa = PBXBuildFile; fileRef = A826FF3A237FB6DF007A59D3 /* LaunchScreen.storyboard */; };
		A8D4600E238609F200ABC537 /* DefinitionsTableViewController.swift in Sources */ = {isa = PBXBuildFile; fileRef = A8D4600D238609F200ABC537 /* DefinitionsTableViewController.swift */; };
		A8DCF937239761C6005DDD7C /* FactsViewController.swift in Sources */ = {isa = PBXBuildFile; fileRef = A8DCF936239761C6005DDD7C /* FactsViewController.swift */; };
		A8E71719239DA59A00A4E952 /* State.swift in Sources */ = {isa = PBXBuildFile; fileRef = A8E71718239DA59A00A4E952 /* State.swift */; };
/* End PBXBuildFile section */

/* Begin PBXFileReference section */
		A826FF2C237FB6DE007A59D3 /* Definitions.app */ = {isa = PBXFileReference; explicitFileType = wrapper.application; includeInIndex = 0; path = Definitions.app; sourceTree = BUILT_PRODUCTS_DIR; };
		A826FF2F237FB6DE007A59D3 /* AppDelegate.swift */ = {isa = PBXFileReference; lastKnownFileType = sourcecode.swift; path = AppDelegate.swift; sourceTree = "<group>"; };
		A826FF31237FB6DE007A59D3 /* SceneDelegate.swift */ = {isa = PBXFileReference; lastKnownFileType = sourcecode.swift; path = SceneDelegate.swift; sourceTree = "<group>"; };
		A826FF36237FB6DE007A59D3 /* Base */ = {isa = PBXFileReference; lastKnownFileType = file.storyboard; name = Base; path = Base.lproj/Main.storyboard; sourceTree = "<group>"; };
		A826FF38237FB6DF007A59D3 /* Assets.xcassets */ = {isa = PBXFileReference; lastKnownFileType = folder.assetcatalog; path = Assets.xcassets; sourceTree = "<group>"; };
		A826FF3B237FB6DF007A59D3 /* Base */ = {isa = PBXFileReference; lastKnownFileType = file.storyboard; name = Base; path = Base.lproj/LaunchScreen.storyboard; sourceTree = "<group>"; };
		A826FF3D237FB6DF007A59D3 /* Info.plist */ = {isa = PBXFileReference; lastKnownFileType = text.plist.xml; path = Info.plist; sourceTree = "<group>"; };
		A8D4600D238609F200ABC537 /* DefinitionsTableViewController.swift */ = {isa = PBXFileReference; lastKnownFileType = sourcecode.swift; path = DefinitionsTableViewController.swift; sourceTree = "<group>"; };
		A8DCF936239761C6005DDD7C /* FactsViewController.swift */ = {isa = PBXFileReference; lastKnownFileType = sourcecode.swift; path = FactsViewController.swift; sourceTree = "<group>"; };
		A8E71718239DA59A00A4E952 /* State.swift */ = {isa = PBXFileReference; lastKnownFileType = sourcecode.swift; path = State.swift; sourceTree = "<group>"; };
/* End PBXFileReference section */

/* Begin PBXFrameworksBuildPhase section */
		A826FF29237FB6DE007A59D3 /* Frameworks */ = {
			isa = PBXFrameworksBuildPhase;
			buildActionMask = 2147483647;
			files = (
			);
			runOnlyForDeploymentPostprocessing = 0;
		};
/* End PBXFrameworksBuildPhase section */

/* Begin PBXGroup section */
		A826FF23237FB6DE007A59D3 = {
			isa = PBXGroup;
			children = (
				A826FF2E237FB6DE007A59D3 /* Definitions */,
				A826FF2D237FB6DE007A59D3 /* Products */,
			);
			sourceTree = "<group>";
		};
		A826FF2D237FB6DE007A59D3 /* Products */ = {
			isa = PBXGroup;
			children = (
				A826FF2C237FB6DE007A59D3 /* Definitions.app */,
			);
			name = Products;
			sourceTree = "<group>";
		};
		A826FF2E237FB6DE007A59D3 /* Definitions */ = {
			isa = PBXGroup;
			children = (
				A826FF2F237FB6DE007A59D3 /* AppDelegate.swift */,
				A826FF31237FB6DE007A59D3 /* SceneDelegate.swift */,
				A826FF35237FB6DE007A59D3 /* Main.storyboard */,
				A8DCF936239761C6005DDD7C /* FactsViewController.swift */,
				A826FF38237FB6DF007A59D3 /* Assets.xcassets */,
				A826FF3A237FB6DF007A59D3 /* LaunchScreen.storyboard */,
				A826FF3D237FB6DF007A59D3 /* Info.plist */,
				A8D4600D238609F200ABC537 /* DefinitionsTableViewController.swift */,
				A8E71718239DA59A00A4E952 /* State.swift */,
			);
			path = Definitions;
			sourceTree = "<group>";
		};
/* End PBXGroup section */

/* Begin PBXNativeTarget section */
		A826FF2B237FB6DE007A59D3 /* Definitions */ = {
			isa = PBXNativeTarget;
			buildConfigurationList = A826FF40237FB6DF007A59D3 /* Build configuration list for PBXNativeTarget "Definitions" */;
			buildPhases = (
				A826FF28237FB6DE007A59D3 /* Sources */,
				A826FF29237FB6DE007A59D3 /* Frameworks */,
				A826FF2A237FB6DE007A59D3 /* Resources */,
			);
			buildRules = (
			);
			dependencies = (
			);
			name = Definitions;
			productName = Definitions;
			productReference = A826FF2C237FB6DE007A59D3 /* Definitions.app */;
			productType = "com.apple.product-type.application";
		};
/* End PBXNativeTarget section */

/* Begin PBXProject section */
		A826FF24237FB6DE007A59D3 /* Project object */ = {
			isa = PBXProject;
			attributes = {
				LastSwiftUpdateCheck = 1120;
				LastUpgradeCheck = 1120;
				ORGANIZATIONNAME = "Kyle Braden";
				TargetAttributes = {
					A826FF2B237FB6DE007A59D3 = {
						CreatedOnToolsVersion = 11.2.1;
					};
				};
			};
			buildConfigurationList = A826FF27237FB6DE007A59D3 /* Build configuration list for PBXProject "Definitions" */;
			compatibilityVersion = "Xcode 9.3";
			developmentRegion = en;
			hasScannedForEncodings = 0;
			knownRegions = (
				en,
				Base,
			);
			mainGroup = A826FF23237FB6DE007A59D3;
			productRefGroup = A826FF2D237FB6DE007A59D3 /* Products */;
			projectDirPath = "";
			projectRoot = "";
			targets = (
				A826FF2B237FB6DE007A59D3 /* Definitions */,
			);
		};
/* End PBXProject section */

/* Begin PBXResourcesBuildPhase section */
		A826FF2A237FB6DE007A59D3 /* Resources */ = {
			isa = PBXResourcesBuildPhase;
			buildActionMask = 2147483647;
			files = (
				A826FF3C237FB6DF007A59D3 /* LaunchScreen.storyboard in Resources */,
				A826FF39237FB6DF007A59D3 /* Assets.xcassets in Resources */,
				A826FF37237FB6DE007A59D3 /* Main.storyboard in Resources */,
			);
			runOnlyForDeploymentPostprocessing = 0;
		};
/* End PBXResourcesBuildPhase section */

/* Begin PBXSourcesBuildPhase section */
		A826FF28237FB6DE007A59D3 /* Sources */ = {
			isa = PBXSourcesBuildPhase;
			buildActionMask = 2147483647;
			files = (
				A8DCF937239761C6005DDD7C /* FactsViewController.swift in Sources */,
				A826FF30237FB6DE007A59D3 /* AppDelegate.swift in Sources */,
				A8D4600E238609F200ABC537 /* DefinitionsTableViewController.swift in Sources */,
				A8E71719239DA59A00A4E952 /* State.swift in Sources */,
				A826FF32237FB6DE007A59D3 /* SceneDelegate.swift in Sources */,
			);
			runOnlyForDeploymentPostprocessing = 0;
		};
/* End PBXSourcesBuildPhase section */

/* Begin PBXVariantGroup section */
		A826FF35237FB6DE007A59D3 /* Main.storyboard */ = {
			isa = PBXVariantGroup;
			children = (
				A826FF36237FB6DE007A59D3 /* Base */,
			);
			name = Main.storyboard;
			sourceTree = "<group>";
		};
		A826FF3A237FB6DF007A59D3 /* LaunchScreen.storyboard */ = {
			isa = PBXVariantGroup;
			children = (
				A826FF3B237FB6DF007A59D3 /* Base */,
			);
			name = LaunchScreen.storyboard;
			sourceTree = "<group>";
		};
/* End PBXVariantGroup section */

/* Begin XCBuildConfiguration section */
		A826FF3E237FB6DF007A59D3 /* Debug */ = {
			isa = XCBuildConfiguration;
			buildSettings = {
				ALWAYS_SEARCH_USER_PATHS = NO;
				CLANG_ANALYZER_NONNULL = YES;
				CLANG_ANALYZER_NUMBER_OBJECT_CONVERSION = YES_AGGRESSIVE;
				CLANG_CXX_LANGUAGE_STANDARD = "gnu++14";
				CLANG_CXX_LIBRARY = "libc++";
				CLANG_ENABLE_MODULES = YES;
				CLANG_ENABLE_OBJC_ARC = YES;
				CLANG_ENABLE_OBJC_WEAK = YES;
				CLANG_WARN_BLOCK_CAPTURE_AUTORELEASING = YES;
				CLANG_WARN_BOOL_CONVERSION = YES;
				CLANG_WARN_COMMA = YES;
				CLANG_WARN_CONSTANT_CONVERSION = YES;
				CLANG_WARN_DEPRECATED_OBJC_IMPLEMENTATIONS = YES;
				CLANG_WARN_DIRECT_OBJC_ISA_USAGE = YES_ERROR;
				CLANG_WARN_DOCUMENTATION_COMMENTS = YES;
				CLANG_WARN_EMPTY_BODY = YES;
				CLANG_WARN_ENUM_CONVERSION = YES;
				CLANG_WARN_INFINITE_RECURSION = YES;
				CLANG_WARN_INT_CONVERSION = YES;
				CLANG_WARN_NON_LITERAL_NULL_CONVERSION = YES;
				CLANG_WARN_OBJC_IMPLICIT_RETAIN_SELF = YES;
				CLANG_WARN_OBJC_LITERAL_CONVERSION = YES;
				CLANG_WARN_OBJC_ROOT_CLASS = YES_ERROR;
				CLANG_WARN_RANGE_LOOP_ANALYSIS = YES;
				CLANG_WARN_STRICT_PROTOTYPES = YES;
				CLANG_WARN_SUSPICIOUS_MOVE = YES;
				CLANG_WARN_UNGUARDED_AVAILABILITY = YES_AGGRESSIVE;
				CLANG_WARN_UNREACHABLE_CODE = YES;
				CLANG_WARN__DUPLICATE_METHOD_MATCH = YES;
				COPY_PHASE_STRIP = NO;
				DEBUG_INFORMATION_FORMAT = dwarf;
				ENABLE_STRICT_OBJC_MSGSEND = YES;
				ENABLE_TESTABILITY = YES;
				GCC_C_LANGUAGE_STANDARD = gnu11;
				GCC_DYNAMIC_NO_PIC = NO;
				GCC_NO_COMMON_BLOCKS = YES;
				GCC_OPTIMIZATION_LEVEL = 0;
				GCC_PREPROCESSOR_DEFINITIONS = (
					"DEBUG=1",
					"$(inherited)",
				);
				GCC_WARN_64_TO_32_BIT_CONVERSION = YES;
				GCC_WARN_ABOUT_RETURN_TYPE = YES_ERROR;
				GCC_WARN_UNDECLARED_SELECTOR = YES;
				GCC_WARN_UNINITIALIZED_AUTOS = YES_AGGRESSIVE;
				GCC_WARN_UNUSED_FUNCTION = YES;
				GCC_WARN_UNUSED_VARIABLE = YES;
				IPHONEOS_DEPLOYMENT_TARGET = 13.2;
				MTL_ENABLE_DEBUG_INFO = INCLUDE_SOURCE;
				MTL_FAST_MATH = YES;
				ONLY_ACTIVE_ARCH = YES;
				SDKROOT = iphoneos;
				SWIFT_ACTIVE_COMPILATION_CONDITIONS = DEBUG;
				SWIFT_OPTIMIZATION_LEVEL = "-Onone";
			};
			name = Debug;
		};
		A826FF3F237FB6DF007A59D3 /* Release */ = {
			isa = XCBuildConfiguration;
			buildSettings = {
				ALWAYS_SEARCH_USER_PATHS = NO;
				CLANG_ANALYZER_NONNULL = YES;
				CLANG_ANALYZER_NUMBER_OBJECT_CONVERSION = YES_AGGRESSIVE;
				CLANG_CXX_LANGUAGE_STANDARD = "gnu++14";
				CLANG_CXX_LIBRARY = "libc++";
				CLANG_ENABLE_MODULES = YES;
				CLANG_ENABLE_OBJC_ARC = YES;
				CLANG_ENABLE_OBJC_WEAK = YES;
				CLANG_WARN_BLOCK_CAPTURE_AUTORELEASING = YES;
				CLANG_WARN_BOOL_CONVERSION = YES;
				CLANG_WARN_COMMA = YES;
				CLANG_WARN_CONSTANT_CONVERSION = YES;
				CLANG_WARN_DEPRECATED_OBJC_IMPLEMENTATIONS = YES;
				CLANG_WARN_DIRECT_OBJC_ISA_USAGE = YES_ERROR;
				CLANG_WARN_DOCUMENTATION_COMMENTS = YES;
				CLANG_WARN_EMPTY_BODY = YES;
				CLANG_WARN_ENUM_CONVERSION = YES;
				CLANG_WARN_INFINITE_RECURSION = YES;
				CLANG_WARN_INT_CONVERSION = YES;
				CLANG_WARN_NON_LITERAL_NULL_CONVERSION = YES;
				CLANG_WARN_OBJC_IMPLICIT_RETAIN_SELF = YES;
				CLANG_WARN_OBJC_LITERAL_CONVERSION = YES;
				CLANG_WARN_OBJC_ROOT_CLASS = YES_ERROR;
				CLANG_WARN_RANGE_LOOP_ANALYSIS = YES;
				CLANG_WARN_STRICT_PROTOTYPES = YES;
				CLANG_WARN_SUSPICIOUS_MOVE = YES;
				CLANG_WARN_UNGUARDED_AVAILABILITY = YES_AGGRESSIVE;
				CLANG_WARN_UNREACHABLE_CODE = YES;
				CLANG_WARN__DUPLICATE_METHOD_MATCH = YES;
				COPY_PHASE_STRIP = NO;
				DEBUG_INFORMATION_FORMAT = "dwarf-with-dsym";
				ENABLE_NS_ASSERTIONS = NO;
				ENABLE_STRICT_OBJC_MSGSEND = YES;
				GCC_C_LANGUAGE_STANDARD = gnu11;
				GCC_NO_COMMON_BLOCKS = YES;
				GCC_WARN_64_TO_32_BIT_CONVERSION = YES;
				GCC_WARN_ABOUT_RETURN_TYPE = YES_ERROR;
				GCC_WARN_UNDECLARED_SELECTOR = YES;
				GCC_WARN_UNINITIALIZED_AUTOS = YES_AGGRESSIVE;
				GCC_WARN_UNUSED_FUNCTION = YES;
				GCC_WARN_UNUSED_VARIABLE = YES;
				IPHONEOS_DEPLOYMENT_TARGET = 13.2;
				MTL_ENABLE_DEBUG_INFO = NO;
				MTL_FAST_MATH = YES;
				SDKROOT = iphoneos;
				SWIFT_COMPILATION_MODE = wholemodule;
				SWIFT_OPTIMIZATION_LEVEL = "-O";
				VALIDATE_PRODUCT = YES;
			};
			name = Release;
		};
		A826FF41237FB6DF007A59D3 /* Debug */ = {
			isa = XCBuildConfiguration;
			buildSettings = {
				ASSETCATALOG_COMPILER_APPICON_NAME = AppIcon;
				CODE_SIGN_STYLE = Automatic;
				DEVELOPMENT_TEAM = ZCH4DB6R3W;
				INFOPLIST_FILE = Definitions/Info.plist;
				LD_RUNPATH_SEARCH_PATHS = (
					"$(inherited)",
					"@executable_path/Frameworks",
				);
				PRODUCT_BUNDLE_IDENTIFIER = com.kylebraden.Definitions;
				PRODUCT_NAME = "$(TARGET_NAME)";
				SWIFT_VERSION = 5.0;
				TARGETED_DEVICE_FAMILY = "1,2";
			};
			name = Debug;
		};
		A826FF42237FB6DF007A59D3 /* Release */ = {
			isa = XCBuildConfiguration;
			buildSettings = {
				ASSETCATALOG_COMPILER_APPICON_NAME = AppIcon;
				CODE_SIGN_STYLE = Automatic;
				DEVELOPMENT_TEAM = ZCH4DB6R3W;
				INFOPLIST_FILE = Definitions/Info.plist;
				LD_RUNPATH_SEARCH_PATHS = (
					"$(inherited)",
					"@executable_path/Frameworks",
				);
				PRODUCT_BUNDLE_IDENTIFIER = com.kylebraden.Definitions;
				PRODUCT_NAME = "$(TARGET_NAME)";
				SWIFT_VERSION = 5.0;
				TARGETED_DEVICE_FAMILY = "1,2";
			};
			name = Release;
		};
/* End XCBuildConfiguration section */

/* Begin XCConfigurationList section */
		A826FF27237FB6DE007A59D3 /* Build configuration list for PBXProject "Definitions" */ = {
			isa = XCConfigurationList;
			buildConfigurations = (
				A826FF3E237FB6DF007A59D3 /* Debug */,
				A826FF3F237FB6DF007A59D3 /* Release */,
			);
			defaultConfigurationIsVisible = 0;
			defaultConfigurationName = Release;
		};
		A826FF40237FB6DF007A59D3 /* Build configuration list for PBXNativeTarget "Definitions" */ = {
			isa = XCConfigurationList;
			buildConfigurations = (
				A826FF41237FB6DF007A59D3 /* Debug */,
				A826FF42237FB6DF007A59D3 /* Release */,
			);
			defaultConfigurationIsVisible = 0;
			defaultConfigurationName = Release;
		};
/* End XCConfigurationList section */
	};
	rootObject = A826FF24237FB6DE007A59D3 /* Project object */;
}
